
Microsoft Visual Studio Solution File, Format Version 12.00
# Visual Studio Version 17
VisualStudioVersion = 17.5.33516.290
MinimumVisualStudioVersion = 10.0.40219.1
Project("{9A19103F-16F7-4668-BE54-9A1E7A4F7556}") = "StockTrader", "StockTrader.csproj", "{6DBC67B7-71D5-4484-8C98-A60F020F22C0}"
EndProject
Global
	GlobalSection(SolutionConfigurationPlatforms) = preSolution
		Debug|Any CPU = Debug|Any CPU
		Release|Any CPU = Release|Any CPU
	EndGlobalSection
	GlobalSection(ProjectConfigurationPlatforms) = postSolution
		{6DBC67B7-71D5-4484-8C98-A60F020F22C0}.Debug|Any CPU.ActiveCfg = Debug|Any CPU
		{6DBC67B7-71D5-4484-8C98-A60F020F22C0}.Debug|Any CPU.Build.0 = Debug|Any CPU
		{6DBC67B7-71D5-4484-8C98-A60F020F22C0}.Release|Any CPU.ActiveCfg = Release|Any CPU
		{6DBC67B7-71D5-4484-8C98-A60F020F22C0}.Release|Any CPU.Build.0 = Release|Any CPU
	EndGlobalSection
	GlobalSection(SolutionProperties) = preSolution
		HideSolutionNode = FALSE
	EndGlobalSection
	GlobalSection(ExtensibilityGlobals) = postSolution
		SolutionGuid = {42462735-F6E1-49CF-B59B-93B1577EF3A7}
	EndGlobalSection
EndGlobal
